
Microsoft Visual Studio Solution File, Format Version 12.00
# Visual Studio 2017
Project("{FAE04EC0-301F-11D3-BF4B-00C04F79EFBC}") = "Space.Plugins", "Space.Plugins.csproj", "{AE6B629C-2DFA-4535-29D4-63A658585DAE}"
EndProject
Project("{FAE04EC0-301F-11D3-BF4B-00C04F79EFBC}") = "Space", "Space.csproj", "{4823E219-5C85-4466-3C70-40335041DD09}"
EndProject
Project("{FAE04EC0-301F-11D3-BF4B-00C04F79EFBC}") = "Space.Editor.Plugins", "Space.Editor.Plugins.csproj", "{268065F1-BDBE-D3B9-C99F-1D6692FE125E}"
EndProject
Global
	GlobalSection(SolutionConfigurationPlatforms) = preSolution
		Debug|Any CPU = Debug|Any CPU
		Release|Any CPU = Release|Any CPU
	EndGlobalSection
	GlobalSection(ProjectConfigurationPlatforms) = postSolution
		{AE6B629C-2DFA-4535-29D4-63A658585DAE}.Debug|Any CPU.ActiveCfg = Debug|Any CPU
		{AE6B629C-2DFA-4535-29D4-63A658585DAE}.Debug|Any CPU.Build.0 = Debug|Any CPU
		{AE6B629C-2DFA-4535-29D4-63A658585DAE}.Release|Any CPU.ActiveCfg = Release|Any CPU
		{AE6B629C-2DFA-4535-29D4-63A658585DAE}.Release|Any CPU.Build.0 = Release|Any CPU
		{4823E219-5C85-4466-3C70-40335041DD09}.Debug|Any CPU.ActiveCfg = Debug|Any CPU
		{4823E219-5C85-4466-3C70-40335041DD09}.Debug|Any CPU.Build.0 = Debug|Any CPU
		{4823E219-5C85-4466-3C70-40335041DD09}.Release|Any CPU.ActiveCfg = Release|Any CPU
		{4823E219-5C85-4466-3C70-40335041DD09}.Release|Any CPU.Build.0 = Release|Any CPU
		{268065F1-BDBE-D3B9-C99F-1D6692FE125E}.Debug|Any CPU.ActiveCfg = Debug|Any CPU
		{268065F1-BDBE-D3B9-C99F-1D6692FE125E}.Debug|Any CPU.Build.0 = Debug|Any CPU
		{268065F1-BDBE-D3B9-C99F-1D6692FE125E}.Release|Any CPU.ActiveCfg = Release|Any CPU
		{268065F1-BDBE-D3B9-C99F-1D6692FE125E}.Release|Any CPU.Build.0 = Release|Any CPU
	EndGlobalSection
	GlobalSection(SolutionProperties) = preSolution
		HideSolutionNode = FALSE
	EndGlobalSection
EndGlobal
