
Microsoft Visual Studio Solution File, Format Version 11.00
# Visual Studio 2010
Project("{FAE04EC0-301F-11D3-BF4B-00C04F79EFBC}") = "Space", "Assembly-CSharp.csproj", "{C1BF62FA-C5C9-41A2-2CDF-B0DCBC002D60}"
EndProject
Project("{FAE04EC0-301F-11D3-BF4B-00C04F79EFBC}") = "Space", "Assembly-CSharp-firstpass.csproj", "{5607A1BC-6E3B-6F9B-B42A-1FF24C79FA63}"
EndProject
Project("{FAE04EC0-301F-11D3-BF4B-00C04F79EFBC}") = "Space", "Assembly-CSharp-Editor-firstpass.csproj", "{8304328A-D828-9E85-1920-41F60E5ABFBB}"
EndProject
Global
	GlobalSection(SolutionConfigurationPlatforms) = preSolution
		Debug|Any CPU = Debug|Any CPU
		Release|Any CPU = Release|Any CPU
	EndGlobalSection
	GlobalSection(ProjectConfigurationPlatforms) = postSolution
		{C1BF62FA-C5C9-41A2-2CDF-B0DCBC002D60}.Debug|Any CPU.ActiveCfg = Debug|Any CPU
		{C1BF62FA-C5C9-41A2-2CDF-B0DCBC002D60}.Debug|Any CPU.Build.0 = Debug|Any CPU
		{C1BF62FA-C5C9-41A2-2CDF-B0DCBC002D60}.Release|Any CPU.ActiveCfg = Release|Any CPU
		{C1BF62FA-C5C9-41A2-2CDF-B0DCBC002D60}.Release|Any CPU.Build.0 = Release|Any CPU
		{5607A1BC-6E3B-6F9B-B42A-1FF24C79FA63}.Debug|Any CPU.ActiveCfg = Debug|Any CPU
		{5607A1BC-6E3B-6F9B-B42A-1FF24C79FA63}.Debug|Any CPU.Build.0 = Debug|Any CPU
		{5607A1BC-6E3B-6F9B-B42A-1FF24C79FA63}.Release|Any CPU.ActiveCfg = Release|Any CPU
		{5607A1BC-6E3B-6F9B-B42A-1FF24C79FA63}.Release|Any CPU.Build.0 = Release|Any CPU
		{8304328A-D828-9E85-1920-41F60E5ABFBB}.Debug|Any CPU.ActiveCfg = Debug|Any CPU
		{8304328A-D828-9E85-1920-41F60E5ABFBB}.Debug|Any CPU.Build.0 = Debug|Any CPU
		{8304328A-D828-9E85-1920-41F60E5ABFBB}.Release|Any CPU.ActiveCfg = Release|Any CPU
		{8304328A-D828-9E85-1920-41F60E5ABFBB}.Release|Any CPU.Build.0 = Release|Any CPU
	EndGlobalSection
	GlobalSection(SolutionProperties) = preSolution
		HideSolutionNode = FALSE
	EndGlobalSection
	GlobalSection(MonoDevelopProperties) = preSolution
		StartupItem = Assembly-CSharp.csproj
	EndGlobalSection
EndGlobal
